{
  "name": "pith-desk",
  "version": "0.1.0",
  "lockfileVersion": 3,
  "requires": true,
  "packages": {
    "": {
      "name": "pith-desk",
      "version": "0.1.0",
      "devDependencies": {
        "mygo-cli": "0.2.1"
      },
      "engines": {
        "node": ">=22.12"
      }
    },
    "node_modules/@egoist/mygo-cli-darwin-arm64": {
      "version": "0.2.1",
      "resolved": "https://registry.npmjs.org/@egoist/mygo-cli-darwin-arm64/-/mygo-cli-darwin-arm64-0.2.1.tgz",
      "integrity": "sha512-liKs/7n/4b77P5xw3S26YSZ62tAFm5SNddzJoe1ghbPmkru9tyZA5mKF9e649Pj9fh1NTTlRF7VGEjNXIPe5aw==",
      "cpu": [
        "arm64"
      ],
      "dev": true,
      "license": "MIT",
      "optional": true,
      "os": [
        "darwin"
      ]
    },
    "node_modules/@egoist/mygo-cli-darwin-x64": {
      "version": "0.2.1",
      "resolved": "https://registry.npmjs.org/@egoist/mygo-cli-darwin-x64/-/mygo-cli-darwin-x64-0.2.1.tgz",
      "integrity": "sha512-37z5fooYLZ9SS6y5uvSUgBzydyP3Xrzf7SOFJX8usG7jfgWpKijxX6djvolZlh2iPLbom+Jdj7gk/bSV1YzbPg==",
      "cpu": [
        "x64"
      ],
      "dev": true,
      "license": "MIT",
      "optional": true,
      "os": [
        "darwin"
      ]
    },
    "node_modules/@egoist/mygo-cli-linux-arm64": {
      "version": "0.2.1",
      "resolved": "https://registry.npmjs.org/@egoist/mygo-cli-linux-arm64/-/mygo-cli-linux-arm64-0.2.1.tgz",
      "integrity": "sha512-0T8lM3BYnTF7N84Ahzip9XuDJEkllb8QaI2d9PR93p0uOPzjZYJNlQKHzc6JaamJwBGlO8O2igItiH5JXa7P9Q==",
      "cpu": [
        "arm64"
      ],
      "dev": true,
      "license": "MIT",
      "optional": true,
      "os": [
        "linux"
      ]
    },
    "node_modules/@egoist/mygo-cli-linux-x64": {
      "version": "0.2.1",
      "resolved": "https://registry.npmjs.org/@egoist/mygo-cli-linux-x64/-/mygo-cli-linux-x64-0.2.1.tgz",
      "integrity": "sha512-XyBYwpCiFa7VcrqIQlDsSn8AoOhlCrlN2E58c1/pP332aLCWkV8/lSns99Ikn12QfUO/e0J0/9witZT4uIr5mA==",
      "cpu": [
        "x64"
      ],
      "dev": true,
      "license": "MIT",
      "optional": true,
      "os": [
        "linux"
      ]
    },
    "node_modules/@egoist/mygo-cli-win32-arm64": {
      "version": "0.2.1",
      "resolved": "https://registry.npmjs.org/@egoist/mygo-cli-win32-arm64/-/mygo-cli-win32-arm64-0.2.1.tgz",
      "integrity": "sha512-OpNjsK7TjfFe5Iwp/KVqoBrXa7tLysg/adCxVG76rBsGD3dGGk/3GQmkFRBwXY5j5Ou3PJgueavpAmyJM9TazA==",
      "cpu": [
        "arm64"
      ],
      "dev": true,
      "license": "MIT",
      "optional": true,
      "os": [
        "win32"
      ]
    },
    "node_modules/@egoist/mygo-cli-win32-x64": {
      "version": "0.2.1",
      "resolved": "https://registry.npmjs.org/@egoist/mygo-cli-win32-x64/-/mygo-cli-win32-x64-0.2.1.tgz",
      "integrity": "sha512-0QyoU6/vVmPC2Tei3nPRxRyas95fL2HrVWsdhjdbYY3V68UtBXwpxss8BtmMNLeIFq9lUdEPIAjbVhS9C4fvKA==",
      "cpu": [
        "x64"
      ],
      "dev": true,
      "license": "MIT",
      "optional": true,
      "os": [
        "win32"
      ]
    },
    "node_modules/mygo-cli": {
      "version": "0.2.1",
      "resolved": "https://registry.npmjs.org/mygo-cli/-/mygo-cli-0.2.1.tgz",
      "integrity": "sha512-1TNG3H5Ml9ufr0qPzmpfOym1Da+/glWNo05B5v3xK2LBIaGWhEtvEeoNxt10svZ6/ZB3SN8gSnJGY8dGUIsd1g==",
      "dev": true,
      "license": "MIT",
      "bin": {
        "mygo": "bin/mygo.js"
      },
      "engines": {
        "node": ">=18"
      },
      "optionalDependencies": {
        "@egoist/mygo-cli-darwin-arm64": "0.2.1",
        "@egoist/mygo-cli-darwin-x64": "0.2.1",
        "@egoist/mygo-cli-linux-arm64": "0.2.1",
        "@egoist/mygo-cli-linux-x64": "0.2.1",
        "@egoist/mygo-cli-win32-arm64": "0.2.1",
        "@egoist/mygo-cli-win32-x64": "0.2.1"
      }
    }
  }
}
