{
  "name": "pith-desk",
  "version": "0.1.0",
  "lockfileVersion": 3,
  "requires": true,
  "packages": {
    "": {
      "name": "pith-desk",
      "version": "0.1.0",
      "devDependencies": {
        "mygo-cli": "0.3.6"
      },
      "engines": {
        "node": ">=22.12"
      }
    },
    "node_modules/@egoist/mygo-cli-darwin-arm64": {
      "version": "0.3.6",
      "resolved": "https://registry.npmjs.org/@egoist/mygo-cli-darwin-arm64/-/mygo-cli-darwin-arm64-0.3.6.tgz",
      "integrity": "sha512-XL7NVyVmfxa8jd3cN6p8o4vPgQ2cUbDg6wUzhTl437iD3QxWI4Ot/fYPxBTeZ6byy4D0WS9Wg7L8bj+WwxPZhg==",
      "cpu": [
        "arm64"
      ],
      "dev": true,
      "license": "MIT",
      "optional": true,
      "os": [
        "darwin"
      ]
    },
    "node_modules/@egoist/mygo-cli-darwin-x64": {
      "version": "0.3.6",
      "resolved": "https://registry.npmjs.org/@egoist/mygo-cli-darwin-x64/-/mygo-cli-darwin-x64-0.3.6.tgz",
      "integrity": "sha512-zA63GPstTkUr+ukFCREVLGN2XWXlfNwnehlOBrNzM5b40tz1XKHy1KHc3Jchrxw3L8kYDHFJ8Jhl0HZwv9aEOg==",
      "cpu": [
        "x64"
      ],
      "dev": true,
      "license": "MIT",
      "optional": true,
      "os": [
        "darwin"
      ]
    },
    "node_modules/@egoist/mygo-cli-linux-arm64": {
      "version": "0.3.6",
      "resolved": "https://registry.npmjs.org/@egoist/mygo-cli-linux-arm64/-/mygo-cli-linux-arm64-0.3.6.tgz",
      "integrity": "sha512-qLfNLA1sLmUvJSmHJZWcasLG7GPvUzV+IVvfFXqxBdBI5jaqhNl2SszWkmdX0yxOzorosU4LEHKFWl8iOfLyyA==",
      "cpu": [
        "arm64"
      ],
      "dev": true,
      "license": "MIT",
      "optional": true,
      "os": [
        "linux"
      ]
    },
    "node_modules/@egoist/mygo-cli-linux-x64": {
      "version": "0.3.6",
      "resolved": "https://registry.npmjs.org/@egoist/mygo-cli-linux-x64/-/mygo-cli-linux-x64-0.3.6.tgz",
      "integrity": "sha512-Utu2f/stRb8tSgAzlT3SiYb3k/UX0J3brBaInB4+rX2YE5vBn9L73o4gvDRjtJI25ieATr32YWcj9DHZPb99Iw==",
      "cpu": [
        "x64"
      ],
      "dev": true,
      "license": "MIT",
      "optional": true,
      "os": [
        "linux"
      ]
    },
    "node_modules/@egoist/mygo-cli-win32-arm64": {
      "version": "0.3.6",
      "resolved": "https://registry.npmjs.org/@egoist/mygo-cli-win32-arm64/-/mygo-cli-win32-arm64-0.3.6.tgz",
      "integrity": "sha512-IlYIMwu2BiJBRdZ+L+UxVqG0a+g36iO2+n5NLZF1mWFgVseaVS6+6TTq578kaGNnxwOT1CKdKKBd6oCutnA0Og==",
      "cpu": [
        "arm64"
      ],
      "dev": true,
      "license": "MIT",
      "optional": true,
      "os": [
        "win32"
      ]
    },
    "node_modules/@egoist/mygo-cli-win32-x64": {
      "version": "0.3.6",
      "resolved": "https://registry.npmjs.org/@egoist/mygo-cli-win32-x64/-/mygo-cli-win32-x64-0.3.6.tgz",
      "integrity": "sha512-GuY/M9PGjINXi+J7ccmiH4nte2jB9cZz6SGHTlP2VWQYJEyrpzZeOAq/GJEbnjhiZlwGuoxcEsONq6GGkn/+kg==",
      "cpu": [
        "x64"
      ],
      "dev": true,
      "license": "MIT",
      "optional": true,
      "os": [
        "win32"
      ]
    },
    "node_modules/mygo-cli": {
      "version": "0.3.6",
      "resolved": "https://registry.npmjs.org/mygo-cli/-/mygo-cli-0.3.6.tgz",
      "integrity": "sha512-5crvddNcx/h7AmykZqdY/n8DNsOJ0pJjueJGiKqxVn8adhaWTrV/TzxtByEPZiw33g4K2g2mYR5iGIWiZYJtLQ==",
      "dev": true,
      "license": "MIT",
      "bin": {
        "mygo": "bin/mygo.js"
      },
      "engines": {
        "node": ">=18"
      },
      "optionalDependencies": {
        "@egoist/mygo-cli-darwin-arm64": "0.3.6",
        "@egoist/mygo-cli-darwin-x64": "0.3.6",
        "@egoist/mygo-cli-linux-arm64": "0.3.6",
        "@egoist/mygo-cli-linux-x64": "0.3.6",
        "@egoist/mygo-cli-win32-arm64": "0.3.6",
        "@egoist/mygo-cli-win32-x64": "0.3.6"
      }
    }
  }
}
